{
  "version": "5",
  "remote": {
    "https://edge.netlify.com/": "fd941d61d88673d5f28aab283fb86fcc50f08a3bc80ee5470498fcfa88c65cfb",
    "https://edge.netlify.com/bootstrap/config.ts": "6a2ce0e544e15e8f8883a5c18da5948e37fd0f2619f68cb31f3af53c51817025",
    "https://edge.netlify.com/bootstrap/context.ts": "e97240232121e2f369f6546ce961490f34d961ea1ea54be3ff09633e3f08373f",
    "https://edge.netlify.com/bootstrap/cookie.ts": "8b0baae708989ca183c6f3b4ab3d029e6abcbc2e43f93edeb0ff447b3bbc3a05",
    "https://edge.netlify.com/bootstrap/edge_function.ts": "b8253e86aa83c67341f5cfedeba5049d77fbf84dcab7eceff7566b7728ae9b39",
    "https://edge.netlify.com/bootstrap/globals/types.ts": "eaa6148ded3121d8dee62dd91c86e7fe76601df0f3ca8d7962243a30f4c8935f"
  },
  "workspace": {
    "packageJson": {
      "dependencies": [
        "npm:@emailjs/browser@^4.4.1",
        "npm:@emotion/react@^11.14.0",
        "npm:@emotion/styled@^11.14.0",
        "npm:@eslint/js@^9.19.0",
        "npm:@fontsource/poppins@^5.1.1",
        "npm:@google-analytics/data@^5.1.0",
        "npm:@mui/icons-material@^6.4.5",
        "npm:@mui/material@^6.4.5",
        "npm:@supabase/supabase-js@^2.112.3",
        "npm:@types/react-dom@^19.0.3",
        "npm:@types/react@^19.0.8",
        "npm:@vitejs/plugin-react@^4.3.4",
        "npm:aws-sdk@^2.1692.0",
        "npm:bcrypt@^5.1.1",
        "npm:bcryptjs@^3.0.2",
        "npm:chrome-aws-lambda@^10.1.0",
        "npm:concurrently@^9.2.1",
        "npm:connect-history-api-fallback@2",
        "npm:dayjs@^1.11.19",
        "npm:dotenv@^16.5.0",
        "npm:emailjs-com@^3.2.0",
        "npm:eslint-plugin-react-hooks@5",
        "npm:eslint-plugin-react-refresh@~0.4.18",
        "npm:eslint-plugin-react@^7.37.4",
        "npm:eslint@^9.19.0",
        "npm:framer-motion@^12.4.7",
        "npm:globals@^15.14.0",
        "npm:googleapis@148",
        "npm:handlebars@^4.7.8",
        "npm:html-pdf-node@^1.0.8",
        "npm:html-pdf@^3.0.1",
        "npm:leaflet@^1.9.4",
        "npm:particles-bg@^2.5.5",
        "npm:pdfkit@~0.17.1",
        "npm:puppeteer-core@^10.4.0",
        "npm:puppeteer@^24.14.0",
        "npm:react-awesome-reveal@^4.3.1",
        "npm:react-countup@^6.5.3",
        "npm:react-dom@19",
        "npm:react-ga4@^2.1.0",
        "npm:react-icons@^5.5.0",
        "npm:react-intersection-observer@^9.16.0",
        "npm:react-leaflet@5",
        "npm:react-router-dom@^7.5.0",
        "npm:react-tsparticles@^2.12.2",
        "npm:react-webcam@^7.2.0",
        "npm:react@19",
        "npm:recharts@^2.15.2",
        "npm:sharp@~0.34.5",
        "npm:swiper@^12.1.2",
        "npm:three@0.174",
        "npm:transbank-sdk@^6.1.0",
        "npm:tsparticles-engine@^2.12.0",
        "npm:tsparticles-shape-polygon@^2.12.0",
        "npm:tsparticles@^3.8.1",
        "npm:typescript@^5.8.3",
        "npm:vanta@~0.5.24",
        "npm:vite-plugin-imagemin@~0.6.1",
        "npm:vite@^6.1.0",
        "npm:xlsx@~0.18.5"
      ]
    }
  }
}
